
Microsoft Visual Studio Solution File, Format Version 12.00
# Visual Studio Version 16
VisualStudioVersion = 16.0.30114.105
MinimumVisualStudioVersion = 10.0.40219.1
Project("{FAE04EC0-301F-11D3-BF4B-00C04F79EFBC}") = "SharpResult.Tests", "SharpResult.Tests\SharpResult.Tests.csproj", "{89FA420A-431D-4F6B-89D0-C244957D00B8}"
EndProject
Project("{FAE04EC0-301F-11D3-BF4B-00C04F79EFBC}") = "SharpResult", "SharpResult\SharpResult.csproj", "{39534C68-DA49-4196-A639-54B28D0965DD}"
EndProject
Global
	GlobalSection(SolutionConfigurationPlatforms) = preSolution
		Debug|Any CPU = Debug|Any CPU
		Release|Any CPU = Release|Any CPU
	EndGlobalSection
	GlobalSection(SolutionProperties) = preSolution
		HideSolutionNode = FALSE
	EndGlobalSection
	GlobalSection(ProjectConfigurationPlatforms) = postSolution
		{89FA420A-431D-4F6B-89D0-C244957D00B8}.Debug|Any CPU.ActiveCfg = Debug|Any CPU
		{89FA420A-431D-4F6B-89D0-C244957D00B8}.Debug|Any CPU.Build.0 = Debug|Any CPU
		{89FA420A-431D-4F6B-89D0-C244957D00B8}.Release|Any CPU.ActiveCfg = Release|Any CPU
		{89FA420A-431D-4F6B-89D0-C244957D00B8}.Release|Any CPU.Build.0 = Release|Any CPU
		{39534C68-DA49-4196-A639-54B28D0965DD}.Debug|Any CPU.ActiveCfg = Debug|Any CPU
		{39534C68-DA49-4196-A639-54B28D0965DD}.Debug|Any CPU.Build.0 = Debug|Any CPU
		{39534C68-DA49-4196-A639-54B28D0965DD}.Release|Any CPU.ActiveCfg = Release|Any CPU
		{39534C68-DA49-4196-A639-54B28D0965DD}.Release|Any CPU.Build.0 = Release|Any CPU
	EndGlobalSection
EndGlobal
